
Microsoft Visual Studio Solution File, Format Version 12.00
# Visual Studio 15
VisualStudioVersion = 15.0.28307.705
MinimumVisualStudioVersion = 10.0.40219.1
Project("{FAE04EC0-301F-11D3-BF4B-00C04F79EFBC}") = "WCF_Tcp_Client", "WCF_Tcp_Client\WCF_Tcp_Client.csproj", "{C334889E-A10F-4790-A880-1201284ED692}"
EndProject
Global
	GlobalSection(SolutionConfigurationPlatforms) = preSolution
		Debug|Any CPU = Debug|Any CPU
		Release|Any CPU = Release|Any CPU
	EndGlobalSection
	GlobalSection(ProjectConfigurationPlatforms) = postSolution
		{C334889E-A10F-4790-A880-1201284ED692}.Debug|Any CPU.ActiveCfg = Debug|Any CPU
		{C334889E-A10F-4790-A880-1201284ED692}.Debug|Any CPU.Build.0 = Debug|Any CPU
		{C334889E-A10F-4790-A880-1201284ED692}.Release|Any CPU.ActiveCfg = Release|Any CPU
		{C334889E-A10F-4790-A880-1201284ED692}.Release|Any CPU.Build.0 = Release|Any CPU
	EndGlobalSection
	GlobalSection(SolutionProperties) = preSolution
		HideSolutionNode = FALSE
	EndGlobalSection
	GlobalSection(ExtensibilityGlobals) = postSolution
		SolutionGuid = {B8BB86C7-DA6F-428B-8285-D4524998046B}
	EndGlobalSection
EndGlobal
